
Microsoft Visual Studio Solution File, Format Version 12.00
# Visual Studio 15
VisualStudioVersion = 15.0.26124.0
MinimumVisualStudioVersion = 15.0.26124.0
Project("{2150E333-8FDC-42A3-9474-1A3956D46DE8}") = "src", "src", "{19A702AC-751F-437B-A96D-92C276788662}"
EndProject
Project("{FAE04EC0-301F-11D3-BF4B-00C04F79EFBC}") = "SampleApp", "src\SampleApp\SampleApp.csproj", "{50EE5DFD-5ECA-464D-8CF8-173106D681B9}"
EndProject
Project("{2150E333-8FDC-42A3-9474-1A3956D46DE8}") = "test", "test", "{15DF19E7-5BA0-46D7-BD8B-36FE4B099E66}"
EndProject
Project("{FAE04EC0-301F-11D3-BF4B-00C04F79EFBC}") = "SampleTests", "test\SampleTests\SampleTests.csproj", "{CD4368A0-6D47-4CA1-A5E6-32BC91D4B7CD}"
EndProject
Global
	GlobalSection(SolutionConfigurationPlatforms) = preSolution
		Debug|Any CPU = Debug|Any CPU
		Debug|x64 = Debug|x64
		Debug|x86 = Debug|x86
		Release|Any CPU = Release|Any CPU
		Release|x64 = Release|x64
		Release|x86 = Release|x86
	EndGlobalSection
	GlobalSection(SolutionProperties) = preSolution
		HideSolutionNode = FALSE
	EndGlobalSection
	GlobalSection(ProjectConfigurationPlatforms) = postSolution
		{50EE5DFD-5ECA-464D-8CF8-173106D681B9}.Debug|Any CPU.ActiveCfg = Debug|Any CPU
		{50EE5DFD-5ECA-464D-8CF8-173106D681B9}.Debug|Any CPU.Build.0 = Debug|Any CPU
		{50EE5DFD-5ECA-464D-8CF8-173106D681B9}.Debug|x64.ActiveCfg = Debug|Any CPU
		{50EE5DFD-5ECA-464D-8CF8-173106D681B9}.Debug|x64.Build.0 = Debug|Any CPU
		{50EE5DFD-5ECA-464D-8CF8-173106D681B9}.Debug|x86.ActiveCfg = Debug|Any CPU
		{50EE5DFD-5ECA-464D-8CF8-173106D681B9}.Debug|x86.Build.0 = Debug|Any CPU
		{50EE5DFD-5ECA-464D-8CF8-173106D681B9}.Release|Any CPU.ActiveCfg = Release|Any CPU
		{50EE5DFD-5ECA-464D-8CF8-173106D681B9}.Release|Any CPU.Build.0 = Release|Any CPU
		{50EE5DFD-5ECA-464D-8CF8-173106D681B9}.Release|x64.ActiveCfg = Release|Any CPU
		{50EE5DFD-5ECA-464D-8CF8-173106D681B9}.Release|x64.Build.0 = Release|Any CPU
		{50EE5DFD-5ECA-464D-8CF8-173106D681B9}.Release|x86.ActiveCfg = Release|Any CPU
		{50EE5DFD-5ECA-464D-8CF8-173106D681B9}.Release|x86.Build.0 = Release|Any CPU
		{CD4368A0-6D47-4CA1-A5E6-32BC91D4B7CD}.Debug|Any CPU.ActiveCfg = Debug|Any CPU
		{CD4368A0-6D47-4CA1-A5E6-32BC91D4B7CD}.Debug|Any CPU.Build.0 = Debug|Any CPU
		{CD4368A0-6D47-4CA1-A5E6-32BC91D4B7CD}.Debug|x64.ActiveCfg = Debug|Any CPU
		{CD4368A0-6D47-4CA1-A5E6-32BC91D4B7CD}.Debug|x64.Build.0 = Debug|Any CPU
		{CD4368A0-6D47-4CA1-A5E6-32BC91D4B7CD}.Debug|x86.ActiveCfg = Debug|Any CPU
		{CD4368A0-6D47-4CA1-A5E6-32BC91D4B7CD}.Debug|x86.Build.0 = Debug|Any CPU
		{CD4368A0-6D47-4CA1-A5E6-32BC91D4B7CD}.Release|Any CPU.ActiveCfg = Release|Any CPU
		{CD4368A0-6D47-4CA1-A5E6-32BC91D4B7CD}.Release|Any CPU.Build.0 = Release|Any CPU
		{CD4368A0-6D47-4CA1-A5E6-32BC91D4B7CD}.Release|x64.ActiveCfg = Release|Any CPU
		{CD4368A0-6D47-4CA1-A5E6-32BC91D4B7CD}.Release|x64.Build.0 = Release|Any CPU
		{CD4368A0-6D47-4CA1-A5E6-32BC91D4B7CD}.Release|x86.ActiveCfg = Release|Any CPU
		{CD4368A0-6D47-4CA1-A5E6-32BC91D4B7CD}.Release|x86.Build.0 = Release|Any CPU
	EndGlobalSection
	GlobalSection(NestedProjects) = preSolution
		{50EE5DFD-5ECA-464D-8CF8-173106D681B9} = {19A702AC-751F-437B-A96D-92C276788662}
		{CD4368A0-6D47-4CA1-A5E6-32BC91D4B7CD} = {15DF19E7-5BA0-46D7-BD8B-36FE4B099E66}
	EndGlobalSection
EndGlobal
